// !$*UTF8*$!
{
	archiveVersion = 1;
	classes = {
	};
	objectVersion = 52;
	objects = {

/* Begin PBXAggregateTarget section */
		52B60EC2A583F24ACBB69C113F5488B9 /* SwiftLint */ = {
			isa = PBXAggregateTarget;
			buildConfigurationList = AE7B4FB01588B9E6DF09CB79FC7CE7BD /* Build configuration list for PBXAggregateTarget "SwiftLint" */;
			buildPhases = (
			);
			dependencies = (
			);
			name = SwiftLint;
			productName = SwiftLint;
		};
/* End PBXAggregateTarget section */

/* Begin PBXBuildFile section */
		A5AD0A1DFB08EDE19231C91BC33108AD /* Pods-SwiftUISnapChat-umbrella.h in Headers */ = {isa = PBXBuildFile; fileRef = 807716F66365BDE08EC795B76D307C08 /* Pods-SwiftUISnapChat-umbrella.h */; settings = {ATTRIBUTES = (Public, ); }; };
		AE640DBF8A65ABD539E9BB1E7F598D66 /* Pods-SwiftUISnapChat-dummy.m in Sources */ = {isa = PBXBuildFile; fileRef = FD445CF00D2964730A12DDE07256BA80 /* Pods-SwiftUISnapChat-dummy.m */; };
		AF95B1CAF6D75887F69296F9855A4E55 /* Foundation.framework in Frameworks */ = {isa = PBXBuildFile; fileRef = 73010CC983E3809BECEE5348DA1BB8C6 /* Foundation.framework */; };
/* End PBXBuildFile section */

/* Begin PBXContainerItemProxy section */
		D6B0C1B2186A6541F91FEE3DFAE79DAB /* PBXContainerItemProxy */ = {
			isa = PBXContainerItemProxy;
			containerPortal = BFDFE7DC352907FC980B868725387E98 /* Project object */;
			proxyType = 1;
			remoteGlobalIDString = 52B60EC2A583F24ACBB69C113F5488B9;
			remoteInfo = SwiftLint;
		};
/* End PBXContainerItemProxy section */

/* Begin PBXFileReference section */
		11E2F37E796AF309880455F1A47797FF /* Pods-SwiftUISnapChat.modulemap */ = {isa = PBXFileReference; includeInIndex = 1; lastKnownFileType = sourcecode.module; path = "Pods-SwiftUISnapChat.modulemap"; sourceTree = "<group>"; };
		219460559EB99FD1AD3E83BF689335D7 /* Pods-SwiftUISnapChat.debug.xcconfig */ = {isa = PBXFileReference; includeInIndex = 1; lastKnownFileType = text.xcconfig; path = "Pods-SwiftUISnapChat.debug.xcconfig"; sourceTree = "<group>"; };
		27814CA8B55254B759D314C9B455B882 /* Pods-SwiftUISnapChat.release.xcconfig */ = {isa = PBXFileReference; includeInIndex = 1; lastKnownFileType = text.xcconfig; path = "Pods-SwiftUISnapChat.release.xcconfig"; sourceTree = "<group>"; };
		3A5222BF8BB184FBADE4BB12FABFFC7D /* Pods-SwiftUISnapChat-acknowledgements.markdown */ = {isa = PBXFileReference; includeInIndex = 1; lastKnownFileType = text; path = "Pods-SwiftUISnapChat-acknowledgements.markdown"; sourceTree = "<group>"; };
		3EC0124719FE8EF5FDDD72C26F8A2F57 /* SwiftLint.debug.xcconfig */ = {isa = PBXFileReference; includeInIndex = 1; lastKnownFileType = text.xcconfig; path = SwiftLint.debug.xcconfig; sourceTree = "<group>"; };
		5904E85767F3BED06F9D99B81B124B8B /* Pods-SwiftUISnapChat-Info.plist */ = {isa = PBXFileReference; includeInIndex = 1; lastKnownFileType = text.plist.xml; path = "Pods-SwiftUISnapChat-Info.plist"; sourceTree = "<group>"; };
		73010CC983E3809BECEE5348DA1BB8C6 /* Foundation.framework */ = {isa = PBXFileReference; lastKnownFileType = wrapper.framework; name = Foundation.framework; path = Platforms/iPhoneOS.platform/Developer/SDKs/iPhoneOS14.0.sdk/System/Library/Frameworks/Foundation.framework; sourceTree = DEVELOPER_DIR; };
		7EAB1DA481EDDC005A251D3A5E6BE4CD /* SwiftLint.release.xcconfig */ = {isa = PBXFileReference; includeInIndex = 1; lastKnownFileType = text.xcconfig; path = SwiftLint.release.xcconfig; sourceTree = "<group>"; };
		807716F66365BDE08EC795B76D307C08 /* Pods-SwiftUISnapChat-umbrella.h */ = {isa = PBXFileReference; includeInIndex = 1; lastKnownFileType = sourcecode.c.h; path = "Pods-SwiftUISnapChat-umbrella.h"; sourceTree = "<group>"; };
		9D940727FF8FB9C785EB98E56350EF41 /* Podfile */ = {isa = PBXFileReference; explicitFileType = text.script.ruby; includeInIndex = 1; indentWidth = 2; name = Podfile; path = ../Podfile; sourceTree = SOURCE_ROOT; tabWidth = 2; xcLanguageSpecificationIdentifier = xcode.lang.ruby; };
		D585FD4E90EFF1F6D7FD78BE29959673 /* Pods_SwiftUISnapChat.framework */ = {isa = PBXFileReference; explicitFileType = wrapper.framework; includeInIndex = 0; path = Pods_SwiftUISnapChat.framework; sourceTree = BUILT_PRODUCTS_DIR; };
		F57491EF1623AB1F7F0341038BA4533B /* Pods-SwiftUISnapChat-acknowledgements.plist */ = {isa = PBXFileReference; includeInIndex = 1; lastKnownFileType = text.plist.xml; path = "Pods-SwiftUISnapChat-acknowledgements.plist"; sourceTree = "<group>"; };
		FD445CF00D2964730A12DDE07256BA80 /* Pods-SwiftUISnapChat-dummy.m */ = {isa = PBXFileReference; includeInIndex = 1; lastKnownFileType = sourcecode.c.objc; path = "Pods-SwiftUISnapChat-dummy.m"; sourceTree = "<group>"; };
/* End PBXFileReference section */

/* Begin PBXFrameworksBuildPhase section */
		D653EE03D090EF787F3B4B43A0E2E06B /* Frameworks */ = {
			isa = PBXFrameworksBuildPhase;
			buildActionMask = 2147483647;
			files = (
				AF95B1CAF6D75887F69296F9855A4E55 /* Foundation.framework in Frameworks */,
			);
			runOnlyForDeploymentPostprocessing = 0;
		};
/* End PBXFrameworksBuildPhase section */

/* Begin PBXGroup section */
		578452D2E740E91742655AC8F1636D1F /* iOS */ = {
			isa = PBXGroup;
			children = (
				73010CC983E3809BECEE5348DA1BB8C6 /* Foundation.framework */,
			);
			name = iOS;
			sourceTree = "<group>";
		};
		65C3EED197E459208974B9E1A5A69A2A /* Targets Support Files */ = {
			isa = PBXGroup;
			children = (
				CD3E46E080335D8C181ED0BCE25A6339 /* Pods-SwiftUISnapChat */,
			);
			name = "Targets Support Files";
			sourceTree = "<group>";
		};
		7FDA596DBE0337ACDFE55A210D54EF26 /* Support Files */ = {
			isa = PBXGroup;
			children = (
				3EC0124719FE8EF5FDDD72C26F8A2F57 /* SwiftLint.debug.xcconfig */,
				7EAB1DA481EDDC005A251D3A5E6BE4CD /* SwiftLint.release.xcconfig */,
			);
			name = "Support Files";
			path = "../Target Support Files/SwiftLint";
			sourceTree = "<group>";
		};
		828E351A77AC7EA01F73FEC9A5626FE5 /* Products */ = {
			isa = PBXGroup;
			children = (
				D585FD4E90EFF1F6D7FD78BE29959673 /* Pods_SwiftUISnapChat.framework */,
			);
			name = Products;
			sourceTree = "<group>";
		};
		965877409E01FB3D85D85E90E6B30185 /* Pods */ = {
			isa = PBXGroup;
			children = (
				D96179D43A67C5D5323B0682D32C133C /* SwiftLint */,
			);
			name = Pods;
			sourceTree = "<group>";
		};
		CD3E46E080335D8C181ED0BCE25A6339 /* Pods-SwiftUISnapChat */ = {
			isa = PBXGroup;
			children = (
				11E2F37E796AF309880455F1A47797FF /* Pods-SwiftUISnapChat.modulemap */,
				3A5222BF8BB184FBADE4BB12FABFFC7D /* Pods-SwiftUISnapChat-acknowledgements.markdown */,
				F57491EF1623AB1F7F0341038BA4533B /* Pods-SwiftUISnapChat-acknowledgements.plist */,
				FD445CF00D2964730A12DDE07256BA80 /* Pods-SwiftUISnapChat-dummy.m */,
				5904E85767F3BED06F9D99B81B124B8B /* Pods-SwiftUISnapChat-Info.plist */,
				807716F66365BDE08EC795B76D307C08 /* Pods-SwiftUISnapChat-umbrella.h */,
				219460559EB99FD1AD3E83BF689335D7 /* Pods-SwiftUISnapChat.debug.xcconfig */,
				27814CA8B55254B759D314C9B455B882 /* Pods-SwiftUISnapChat.release.xcconfig */,
			);
			name = "Pods-SwiftUISnapChat";
			path = "Target Support Files/Pods-SwiftUISnapChat";
			sourceTree = "<group>";
		};
		CF1408CF629C7361332E53B88F7BD30C = {
			isa = PBXGroup;
			children = (
				9D940727FF8FB9C785EB98E56350EF41 /* Podfile */,
				D210D550F4EA176C3123ED886F8F87F5 /* Frameworks */,
				965877409E01FB3D85D85E90E6B30185 /* Pods */,
				828E351A77AC7EA01F73FEC9A5626FE5 /* Products */,
				65C3EED197E459208974B9E1A5A69A2A /* Targets Support Files */,
			);
			sourceTree = "<group>";
		};
		D210D550F4EA176C3123ED886F8F87F5 /* Frameworks */ = {
			isa = PBXGroup;
			children = (
				578452D2E740E91742655AC8F1636D1F /* iOS */,
			);
			name = Frameworks;
			sourceTree = "<group>";
		};
		D96179D43A67C5D5323B0682D32C133C /* SwiftLint */ = {
			isa = PBXGroup;
			children = (
				7FDA596DBE0337ACDFE55A210D54EF26 /* Support Files */,
			);
			path = SwiftLint;
			sourceTree = "<group>";
		};
/* End PBXGroup section */

/* Begin PBXHeadersBuildPhase section */
		D5628DD4119700932372D27DE74FA252 /* Headers */ = {
			isa = PBXHeadersBuildPhase;
			buildActionMask = 2147483647;
			files = (
				A5AD0A1DFB08EDE19231C91BC33108AD /* Pods-SwiftUISnapChat-umbrella.h in Headers */,
			);
			runOnlyForDeploymentPostprocessing = 0;
		};
/* End PBXHeadersBuildPhase section */

/* Begin PBXNativeTarget section */
		EA23616D572D3886B059606AC1243372 /* Pods-SwiftUISnapChat */ = {
			isa = PBXNativeTarget;
			buildConfigurationList = DE263867EEF3A8625FC38EEE99CADF20 /* Build configuration list for PBXNativeTarget "Pods-SwiftUISnapChat" */;
			buildPhases = (
				D5628DD4119700932372D27DE74FA252 /* Headers */,
				5AB653290FF002456CF0FA7B4F77055B /* Sources */,
				D653EE03D090EF787F3B4B43A0E2E06B /* Frameworks */,
				11DFFE70A6301A325573CCF63924954C /* Resources */,
			);
			buildRules = (
			);
			dependencies = (
				BEDED48CAA4D7D3FE39F946909268471 /* PBXTargetDependency */,
			);
			name = "Pods-SwiftUISnapChat";
			productName = "Pods-SwiftUISnapChat";
			productReference = D585FD4E90EFF1F6D7FD78BE29959673 /* Pods_SwiftUISnapChat.framework */;
			productType = "com.apple.product-type.framework";
		};
/* End PBXNativeTarget section */

/* Begin PBXProject section */
		BFDFE7DC352907FC980B868725387E98 /* Project object */ = {
			isa = PBXProject;
			attributes = {
				LastSwiftUpdateCheck = 1100;
				LastUpgradeCheck = 1240;
			};
			buildConfigurationList = 4821239608C13582E20E6DA73FD5F1F9 /* Build configuration list for PBXProject "Pods" */;
			compatibilityVersion = "Xcode 11.0";
			developmentRegion = en;
			hasScannedForEncodings = 0;
			knownRegions = (
				en,
				Base,
			);
			mainGroup = CF1408CF629C7361332E53B88F7BD30C;
			productRefGroup = 828E351A77AC7EA01F73FEC9A5626FE5 /* Products */;
			projectDirPath = "";
			projectRoot = "";
			targets = (
				EA23616D572D3886B059606AC1243372 /* Pods-SwiftUISnapChat */,
				52B60EC2A583F24ACBB69C113F5488B9 /* SwiftLint */,
			);
		};
/* End PBXProject section */

/* Begin PBXResourcesBuildPhase section */
		11DFFE70A6301A325573CCF63924954C /* Resources */ = {
			isa = PBXResourcesBuildPhase;
			buildActionMask = 2147483647;
			files = (
			);
			runOnlyForDeploymentPostprocessing = 0;
		};
/* End PBXResourcesBuildPhase section */

/* Begin PBXSourcesBuildPhase section */
		5AB653290FF002456CF0FA7B4F77055B /* Sources */ = {
			isa = PBXSourcesBuildPhase;
			buildActionMask = 2147483647;
			files = (
				AE640DBF8A65ABD539E9BB1E7F598D66 /* Pods-SwiftUISnapChat-dummy.m in Sources */,
			);
			runOnlyForDeploymentPostprocessing = 0;
		};
/* End PBXSourcesBuildPhase section */

/* Begin PBXTargetDependency section */
		BEDED48CAA4D7D3FE39F946909268471 /* PBXTargetDependency */ = {
			isa = PBXTargetDependency;
			name = SwiftLint;
			target = 52B60EC2A583F24ACBB69C113F5488B9 /* SwiftLint */;
			targetProxy = D6B0C1B2186A6541F91FEE3DFAE79DAB /* PBXContainerItemProxy */;
		};
/* End PBXTargetDependency section */

/* Begin XCBuildConfiguration section */
		223A7E00151CA92FC7050A7B546749B1 /* Debug */ = {
			isa = XCBuildConfiguration;
			baseConfigurationReference = 219460559EB99FD1AD3E83BF689335D7 /* Pods-SwiftUISnapChat.debug.xcconfig */;
			buildSettings = {
				ALWAYS_EMBED_SWIFT_STANDARD_LIBRARIES = NO;
				CLANG_ENABLE_OBJC_WEAK = NO;
				"CODE_SIGN_IDENTITY[sdk=appletvos*]" = "";
				"CODE_SIGN_IDENTITY[sdk=iphoneos*]" = "";
				"CODE_SIGN_IDENTITY[sdk=watchos*]" = "";
				CURRENT_PROJECT_VERSION = 1;
				DEFINES_MODULE = YES;
				DYLIB_COMPATIBILITY_VERSION = 1;
				DYLIB_CURRENT_VERSION = 1;
				DYLIB_INSTALL_NAME_BASE = "@rpath";
				INFOPLIST_FILE = "Target Support Files/Pods-SwiftUISnapChat/Pods-SwiftUISnapChat-Info.plist";
				INSTALL_PATH = "$(LOCAL_LIBRARY_DIR)/Frameworks";
				IPHONEOS_DEPLOYMENT_TARGET = 14.4;
				LD_RUNPATH_SEARCH_PATHS = (
					"$(inherited)",
					"@executable_path/Frameworks",
					"@loader_path/Frameworks",
				);
				MACH_O_TYPE = staticlib;
				MODULEMAP_FILE = "Target Support Files/Pods-SwiftUISnapChat/Pods-SwiftUISnapChat.modulemap";
				OTHER_LDFLAGS = "";
				OTHER_LIBTOOLFLAGS = "";
				PODS_ROOT = "$(SRCROOT)";
				PRODUCT_BUNDLE_IDENTIFIER = "org.cocoapods.${PRODUCT_NAME:rfc1034identifier}";
				PRODUCT_NAME = "$(TARGET_NAME:c99extidentifier)";
				SDKROOT = iphoneos;
				SKIP_INSTALL = YES;
				TARGETED_DEVICE_FAMILY = "1,2";
				VERSIONING_SYSTEM = "apple-generic";
				VERSION_INFO_PREFIX = "";
			};
			name = Debug;
		};
		71243899B61152433AAE34EE86456EE7 /* Release */ = {
			isa = XCBuildConfiguration;
			buildSettings = {
				ALWAYS_SEARCH_USER_PATHS = NO;
				CLANG_ANALYZER_LOCALIZABILITY_NONLOCALIZED = YES;
				CLANG_ANALYZER_NONNULL = YES;
				CLANG_ANALYZER_NUMBER_OBJECT_CONVERSION = YES_AGGRESSIVE;
				CLANG_CXX_LANGUAGE_STANDARD = "gnu++14";
				CLANG_CXX_LIBRARY = "libc++";
				CLANG_ENABLE_MODULES = YES;
				CLANG_ENABLE_OBJC_ARC = YES;
				CLANG_ENABLE_OBJC_WEAK = YES;
				CLANG_WARN_BLOCK_CAPTURE_AUTORELEASING = YES;
				CLANG_WARN_BOOL_CONVERSION = YES;
				CLANG_WARN_COMMA = YES;
				CLANG_WARN_CONSTANT_CONVERSION = YES;
				CLANG_WARN_DEPRECATED_OBJC_IMPLEMENTATIONS = YES;
				CLANG_WARN_DIRECT_OBJC_ISA_USAGE = YES_ERROR;
				CLANG_WARN_DOCUMENTATION_COMMENTS = YES;
				CLANG_WARN_EMPTY_BODY = YES;
				CLANG_WARN_ENUM_CONVERSION = YES;
				CLANG_WARN_INFINITE_RECURSION = YES;
				CLANG_WARN_INT_CONVERSION = YES;
				CLANG_WARN_NON_LITERAL_NULL_CONVERSION = YES;
				CLANG_WARN_OBJC_IMPLICIT_RETAIN_SELF = YES;
				CLANG_WARN_OBJC_LITERAL_CONVERSION = YES;
				CLANG_WARN_OBJC_ROOT_CLASS = YES_ERROR;
				CLANG_WARN_QUOTED_INCLUDE_IN_FRAMEWORK_HEADER = YES;
				CLANG_WARN_RANGE_LOOP_ANALYSIS = YES;
				CLANG_WARN_STRICT_PROTOTYPES = YES;
				CLANG_WARN_SUSPICIOUS_MOVE = YES;
				CLANG_WARN_UNGUARDED_AVAILABILITY = YES_AGGRESSIVE;
				CLANG_WARN_UNREACHABLE_CODE = YES;
				CLANG_WARN__DUPLICATE_METHOD_MATCH = YES;
				COPY_PHASE_STRIP = NO;
				DEBUG_INFORMATION_FORMAT = "dwarf-with-dsym";
				ENABLE_NS_ASSERTIONS = NO;
				ENABLE_STRICT_OBJC_MSGSEND = YES;
				GCC_C_LANGUAGE_STANDARD = gnu11;
				GCC_NO_COMMON_BLOCKS = YES;
				GCC_PREPROCESSOR_DEFINITIONS = (
					"POD_CONFIGURATION_RELEASE=1",
					"$(inherited)",
				);
				GCC_WARN_64_TO_32_BIT_CONVERSION = YES;
				GCC_WARN_ABOUT_RETURN_TYPE = YES_ERROR;
				GCC_WARN_UNDECLARED_SELECTOR = YES;
				GCC_WARN_UNINITIALIZED_AUTOS = YES_AGGRESSIVE;
				GCC_WARN_UNUSED_FUNCTION = YES;
				GCC_WARN_UNUSED_VARIABLE = YES;
				IPHONEOS_DEPLOYMENT_TARGET = 14.4;
				MTL_ENABLE_DEBUG_INFO = NO;
				MTL_FAST_MATH = YES;
				PRODUCT_NAME = "$(TARGET_NAME)";
				STRIP_INSTALLED_PRODUCT = NO;
				SWIFT_COMPILATION_MODE = wholemodule;
				SWIFT_OPTIMIZATION_LEVEL = "-O";
				SWIFT_VERSION = 5.0;
				SYMROOT = "${SRCROOT}/../build";
			};
			name = Release;
		};
		75D70EEEA0A456E14F7338A7F342964E /* Debug */ = {
			isa = XCBuildConfiguration;
			buildSettings = {
				ALWAYS_SEARCH_USER_PATHS = NO;
				CLANG_ANALYZER_LOCALIZABILITY_NONLOCALIZED = YES;
				CLANG_ANALYZER_NONNULL = YES;
				CLANG_ANALYZER_NUMBER_OBJECT_CONVERSION = YES_AGGRESSIVE;
				CLANG_CXX_LANGUAGE_STANDARD = "gnu++14";
				CLANG_CXX_LIBRARY = "libc++";
				CLANG_ENABLE_MODULES = YES;
				CLANG_ENABLE_OBJC_ARC = YES;
				CLANG_ENABLE_OBJC_WEAK = YES;
				CLANG_WARN_BLOCK_CAPTURE_AUTORELEASING = YES;
				CLANG_WARN_BOOL_CONVERSION = YES;
				CLANG_WARN_COMMA = YES;
				CLANG_WARN_CONSTANT_CONVERSION = YES;
				CLANG_WARN_DEPRECATED_OBJC_IMPLEMENTATIONS = YES;
				CLANG_WARN_DIRECT_OBJC_ISA_USAGE = YES_ERROR;
				CLANG_WARN_DOCUMENTATION_COMMENTS = YES;
				CLANG_WARN_EMPTY_BODY = YES;
				CLANG_WARN_ENUM_CONVERSION = YES;
				CLANG_WARN_INFINITE_RECURSION = YES;
				CLANG_WARN_INT_CONVERSION = YES;
				CLANG_WARN_NON_LITERAL_NULL_CONVERSION = YES;
				CLANG_WARN_OBJC_IMPLICIT_RETAIN_SELF = YES;
				CLANG_WARN_OBJC_LITERAL_CONVERSION = YES;
				CLANG_WARN_OBJC_ROOT_CLASS = YES_ERROR;
				CLANG_WARN_QUOTED_INCLUDE_IN_FRAMEWORK_HEADER = YES;
				CLANG_WARN_RANGE_LOOP_ANALYSIS = YES;
				CLANG_WARN_STRICT_PROTOTYPES = YES;
				CLANG_WARN_SUSPICIOUS_MOVE = YES;
				CLANG_WARN_UNGUARDED_AVAILABILITY = YES_AGGRESSIVE;
				CLANG_WARN_UNREACHABLE_CODE = YES;
				CLANG_WARN__DUPLICATE_METHOD_MATCH = YES;
				COPY_PHASE_STRIP = NO;
				DEBUG_INFORMATION_FORMAT = dwarf;
				ENABLE_STRICT_OBJC_MSGSEND = YES;
				ENABLE_TESTABILITY = YES;
				GCC_C_LANGUAGE_STANDARD = gnu11;
				GCC_DYNAMIC_NO_PIC = NO;
				GCC_NO_COMMON_BLOCKS = YES;
				GCC_OPTIMIZATION_LEVEL = 0;
				GCC_PREPROCESSOR_DEFINITIONS = (
					"POD_CONFIGURATION_DEBUG=1",
					"DEBUG=1",
					"$(inherited)",
				);
				GCC_WARN_64_TO_32_BIT_CONVERSION = YES;
				GCC_WARN_ABOUT_RETURN_TYPE = YES_ERROR;
				GCC_WARN_UNDECLARED_SELECTOR = YES;
				GCC_WARN_UNINITIALIZED_AUTOS = YES_AGGRESSIVE;
				GCC_WARN_UNUSED_FUNCTION = YES;
				GCC_WARN_UNUSED_VARIABLE = YES;
				IPHONEOS_DEPLOYMENT_TARGET = 14.4;
				MTL_ENABLE_DEBUG_INFO = INCLUDE_SOURCE;
				MTL_FAST_MATH = YES;
				ONLY_ACTIVE_ARCH = YES;
				PRODUCT_NAME = "$(TARGET_NAME)";
				STRIP_INSTALLED_PRODUCT = NO;
				SWIFT_ACTIVE_COMPILATION_CONDITIONS = DEBUG;
				SWIFT_OPTIMIZATION_LEVEL = "-Onone";
				SWIFT_VERSION = 5.0;
				SYMROOT = "${SRCROOT}/../build";
			};
			name = Debug;
		};
		AD81E62ACCB0B7A923FC8AA288F9921E /* Release */ = {
			isa = XCBuildConfiguration;
			baseConfigurationReference = 7EAB1DA481EDDC005A251D3A5E6BE4CD /* SwiftLint.release.xcconfig */;
			buildSettings = {
				ASSETCATALOG_COMPILER_APPICON_NAME = AppIcon;
				ASSETCATALOG_COMPILER_GLOBAL_ACCENT_COLOR_NAME = AccentColor;
				IPHONEOS_DEPLOYMENT_TARGET = 12.0;
				LD_RUNPATH_SEARCH_PATHS = (
					"$(inherited)",
					"@executable_path/Frameworks",
				);
				SDKROOT = iphoneos;
				TARGETED_DEVICE_FAMILY = "1,2";
				VALIDATE_PRODUCT = YES;
			};
			name = Release;
		};
		EADD1F50ABC8096A0D6CB18822BB4EE4 /* Debug */ = {
			isa = XCBuildConfiguration;
			baseConfigurationReference = 3EC0124719FE8EF5FDDD72C26F8A2F57 /* SwiftLint.debug.xcconfig */;
			buildSettings = {
				ASSETCATALOG_COMPILER_APPICON_NAME = AppIcon;
				ASSETCATALOG_COMPILER_GLOBAL_ACCENT_COLOR_NAME = AccentColor;
				IPHONEOS_DEPLOYMENT_TARGET = 12.0;
				LD_RUNPATH_SEARCH_PATHS = (
					"$(inherited)",
					"@executable_path/Frameworks",
				);
				SDKROOT = iphoneos;
				TARGETED_DEVICE_FAMILY = "1,2";
			};
			name = Debug;
		};
		FC6073B3EF4454B35921189B59DB497C /* Release */ = {
			isa = XCBuildConfiguration;
			baseConfigurationReference = 27814CA8B55254B759D314C9B455B882 /* Pods-SwiftUISnapChat.release.xcconfig */;
			buildSettings = {
				ALWAYS_EMBED_SWIFT_STANDARD_LIBRARIES = NO;
				CLANG_ENABLE_OBJC_WEAK = NO;
				"CODE_SIGN_IDENTITY[sdk=appletvos*]" = "";
				"CODE_SIGN_IDENTITY[sdk=iphoneos*]" = "";
				"CODE_SIGN_IDENTITY[sdk=watchos*]" = "";
				CURRENT_PROJECT_VERSION = 1;
				DEFINES_MODULE = YES;
				DYLIB_COMPATIBILITY_VERSION = 1;
				DYLIB_CURRENT_VERSION = 1;
				DYLIB_INSTALL_NAME_BASE = "@rpath";
				INFOPLIST_FILE = "Target Support Files/Pods-SwiftUISnapChat/Pods-SwiftUISnapChat-Info.plist";
				INSTALL_PATH = "$(LOCAL_LIBRARY_DIR)/Frameworks";
				IPHONEOS_DEPLOYMENT_TARGET = 14.4;
				LD_RUNPATH_SEARCH_PATHS = (
					"$(inherited)",
					"@executable_path/Frameworks",
					"@loader_path/Frameworks",
				);
				MACH_O_TYPE = staticlib;
				MODULEMAP_FILE = "Target Support Files/Pods-SwiftUISnapChat/Pods-SwiftUISnapChat.modulemap";
				OTHER_LDFLAGS = "";
				OTHER_LIBTOOLFLAGS = "";
				PODS_ROOT = "$(SRCROOT)";
				PRODUCT_BUNDLE_IDENTIFIER = "org.cocoapods.${PRODUCT_NAME:rfc1034identifier}";
				PRODUCT_NAME = "$(TARGET_NAME:c99extidentifier)";
				SDKROOT = iphoneos;
				SKIP_INSTALL = YES;
				TARGETED_DEVICE_FAMILY = "1,2";
				VALIDATE_PRODUCT = YES;
				VERSIONING_SYSTEM = "apple-generic";
				VERSION_INFO_PREFIX = "";
			};
			name = Release;
		};
/* End XCBuildConfiguration section */

/* Begin XCConfigurationList section */
		4821239608C13582E20E6DA73FD5F1F9 /* Build configuration list for PBXProject "Pods" */ = {
			isa = XCConfigurationList;
			buildConfigurations = (
				75D70EEEA0A456E14F7338A7F342964E /* Debug */,
				71243899B61152433AAE34EE86456EE7 /* Release */,
			);
			defaultConfigurationIsVisible = 0;
			defaultConfigurationName = Release;
		};
		AE7B4FB01588B9E6DF09CB79FC7CE7BD /* Build configuration list for PBXAggregateTarget "SwiftLint" */ = {
			isa = XCConfigurationList;
			buildConfigurations = (
				EADD1F50ABC8096A0D6CB18822BB4EE4 /* Debug */,
				AD81E62ACCB0B7A923FC8AA288F9921E /* Release */,
			);
			defaultConfigurationIsVisible = 0;
			defaultConfigurationName = Release;
		};
		DE263867EEF3A8625FC38EEE99CADF20 /* Build configuration list for PBXNativeTarget "Pods-SwiftUISnapChat" */ = {
			isa = XCConfigurationList;
			buildConfigurations = (
				223A7E00151CA92FC7050A7B546749B1 /* Debug */,
				FC6073B3EF4454B35921189B59DB497C /* Release */,
			);
			defaultConfigurationIsVisible = 0;
			defaultConfigurationName = Release;
		};
/* End XCConfigurationList section */
	};
	rootObject = BFDFE7DC352907FC980B868725387E98 /* Project object */;
}
